
Microsoft Visual Studio Solution File, Format Version 12.00
# Visual Studio Version 17
VisualStudioVersion = 17.0.32014.148
MinimumVisualStudioVersion = 10.0.40219.1
Project("{FAE04EC0-301F-11D3-BF4B-00C04F79EFBC}") = "LearnMathRu_0.1", "LearnMathRu_0.1.csproj", "{7378A23E-6D8C-41C4-8BAD-FA4A4B39D70A}"
EndProject
Global
	GlobalSection(SolutionConfigurationPlatforms) = preSolution
		Debug|Any CPU = Debug|Any CPU
		Release|Any CPU = Release|Any CPU
	EndGlobalSection
	GlobalSection(ProjectConfigurationPlatforms) = postSolution
		{7378A23E-6D8C-41C4-8BAD-FA4A4B39D70A}.Debug|Any CPU.ActiveCfg = Debug|Any CPU
		{7378A23E-6D8C-41C4-8BAD-FA4A4B39D70A}.Debug|Any CPU.Build.0 = Debug|Any CPU
		{7378A23E-6D8C-41C4-8BAD-FA4A4B39D70A}.Release|Any CPU.ActiveCfg = Release|Any CPU
		{7378A23E-6D8C-41C4-8BAD-FA4A4B39D70A}.Release|Any CPU.Build.0 = Release|Any CPU
	EndGlobalSection
	GlobalSection(SolutionProperties) = preSolution
		HideSolutionNode = FALSE
	EndGlobalSection
	GlobalSection(ExtensibilityGlobals) = postSolution
		SolutionGuid = {AE5E5C5B-643A-4DD7-B8EC-6558018A677A}
	EndGlobalSection
EndGlobal
